{
  "nodes": {
    "ags": {
      "inputs": {
        "astal": [
          "astal"
        ],
        "gnim": "gnim",
        "nixpkgs": [
          "nixpkgs"
        ]
      },
      "locked": {
        "lastModified": 1751041069,
        "narHash": "sha256-YK268dyhPxEUD6UI4iFIwS41DgCMHZSabaoajFX45b0=",
        "owner": "aylur",
        "repo": "ags",
        "rev": "48ada2c6ae240db1223258bad81f19eb0976d6ea",
        "type": "github"
      },
      "original": {
        "owner": "aylur",
        "ref": "v3",
        "repo": "ags",
        "type": "github"
      }
    },
    "astal": {
      "inputs": {
        "nixpkgs": [
          "nixpkgs"
        ]
      },
      "locked": {
        "lastModified": 1757497936,
        "narHash": "sha256-BSfvr7wdY5SbathVlrOW7vCyI9UGVIe2b9rTJ0O5IKo=",
        "owner": "aylur",
        "repo": "astal",
        "rev": "344a6dce56437a190b99e516a6cab8332cccf19e",
        "type": "github"
      },
      "original": {
        "owner": "aylur",
        "repo": "astal",
        "type": "github"
      }
    },
    "gnim": {
      "flake": false,
      "locked": {
        "lastModified": 1750803500,
        "narHash": "sha256-6eM7gaRneUW+Zzg6xZtz6dllaFtUNDVnYH+dPx6XYP4=",
        "owner": "aylur",
        "repo": "gnim",
        "rev": "ab86c755d5c610999ab0ddcb0f4d60b1ccf5c9c6",
        "type": "github"
      },
      "original": {
        "owner": "aylur",
        "repo": "gnim",
        "type": "github"
      }
    },
    "nixpkgs": {
      "locked": {
        "lastModified": 1758035966,
        "narHash": "sha256-qqIJ3yxPiB0ZQTT9//nFGQYn8X/PBoJbofA7hRKZnmE=",
        "owner": "nixos",
        "repo": "nixpkgs",
        "rev": "8d4ddb19d03c65a36ad8d189d001dc32ffb0306b",
        "type": "github"
      },
      "original": {
        "owner": "nixos",
        "ref": "nixos-unstable",
        "repo": "nixpkgs",
        "type": "github"
      }
    },
    "root": {
      "inputs": {
        "ags": "ags",
        "astal": "astal",
        "nixpkgs": "nixpkgs"
      }
    }
  },
  "root": "root",
  "version": 7
}
