{
  "nodes": {
    "ags": {
      "inputs": {
        "astal": [
          "astal"
        ],
        "gnim": "gnim",
        "nixpkgs": [
          "nixpkgs"
        ]
      },
      "locked": {
        "lastModified": 1750440335,
        "narHash": "sha256-A+Ses6VOYG2BFz1MWqV7mfZ28qRVy6ew3KAxJJEqJQg=",
        "owner": "aylur",
        "repo": "ags",
        "rev": "79a3b05b0e61b41eebe1687661e509055201c62c",
        "type": "github"
      },
      "original": {
        "owner": "aylur",
        "ref": "v3",
        "repo": "ags",
        "type": "github"
      }
    },
    "astal": {
      "inputs": {
        "nixpkgs": [
          "nixpkgs"
        ]
      },
      "locked": {
        "lastModified": 1750020774,
        "narHash": "sha256-43lMH+9/0EHRhMuNvvo3Izvp1wXyMcSKRi8F2wSTepY=",
        "owner": "aylur",
        "repo": "astal",
        "rev": "ca3190d077d09b9597e7de471a8e388a08f112e9",
        "type": "github"
      },
      "original": {
        "owner": "aylur",
        "repo": "astal",
        "type": "github"
      }
    },
    "gnim": {
      "flake": false,
      "locked": {
        "lastModified": 1750156369,
        "narHash": "sha256-qqlMZcFfcqIqRjMbNwv50muq7fYCJTLp08U7rx+eMYU=",
        "owner": "aylur",
        "repo": "gnim",
        "rev": "026c3c57aa021e206adedc821a784a0e8f16cd80",
        "type": "github"
      },
      "original": {
        "owner": "aylur",
        "repo": "gnim",
        "type": "github"
      }
    },
    "nixpkgs": {
      "locked": {
        "lastModified": 1750365781,
        "narHash": "sha256-XE/lFNhz5lsriMm/yjXkvSZz5DfvKJLUjsS6pP8EC50=",
        "owner": "nixos",
        "repo": "nixpkgs",
        "rev": "08f22084e6085d19bcfb4be30d1ca76ecb96fe54",
        "type": "github"
      },
      "original": {
        "owner": "nixos",
        "ref": "nixos-unstable",
        "repo": "nixpkgs",
        "type": "github"
      }
    },
    "root": {
      "inputs": {
        "ags": "ags",
        "astal": "astal",
        "nixpkgs": "nixpkgs"
      }
    }
  },
  "root": "root",
  "version": 7
}
